// !$*UTF8*$!
{
	archiveVersion = 1;
	classes = {
	};
	objectVersion = 46;
	objects = {

/* Begin PBXBuildFile section */
		0FC2E511D5D148AF992D054A /* libPods.a in Frameworks */ = {isa = PBXBuildFile; fileRef = E9E4B029C08366BBF9B08E0A /* libPods.a */; };
		4D1B0B131BF4EC3D00D7DE17 /* main.m in Sources */ = {isa = PBXBuildFile; fileRef = 4D1B0B121BF4EC3D00D7DE17 /* main.m */; };
		4D1B0B161BF4EC3D00D7DE17 /* AppDelegate.m in Sources */ = {isa = PBXBuildFile; fileRef = 4D1B0B151BF4EC3D00D7DE17 /* AppDelegate.m */; };
		4D1B0B1C1BF4EC3D00D7DE17 /* Main.storyboard in Resources */ = {isa = PBXBuildFile; fileRef = 4D1B0B1A1BF4EC3D00D7DE17 /* Main.storyboard */; };
		4D1B0B1E1BF4EC3D00D7DE17 /* Assets.xcassets in Resources */ = {isa = PBXBuildFile; fileRef = 4D1B0B1D1BF4EC3D00D7DE17 /* Assets.xcassets */; };
		4D1B0B211BF4EC3D00D7DE17 /* LaunchScreen.storyboard in Resources */ = {isa = PBXBuildFile; fileRef = 4D1B0B1F1BF4EC3D00D7DE17 /* LaunchScreen.storyboard */; };
		4D1B0B2C1BF4EC3D00D7DE17 /* Retriever_BrowserTests.m in Sources */ = {isa = PBXBuildFile; fileRef = 4D1B0B2B1BF4EC3D00D7DE17 /* Retriever_BrowserTests.m */; };
		4D1B0B371BF4EC3D00D7DE17 /* Retriever_BrowserUITests.m in Sources */ = {isa = PBXBuildFile; fileRef = 4D1B0B361BF4EC3D00D7DE17 /* Retriever_BrowserUITests.m */; };
		4D25D8081C0CA31000D7C584 /* RBScannerController.m in Sources */ = {isa = PBXBuildFile; fileRef = 4D25D8071C0CA31000D7C584 /* RBScannerController.m */; };
		4D7AC3DB1C09928F000963DA /* RBFooterControl.m in Sources */ = {isa = PBXBuildFile; fileRef = 4D7AC3DA1C09928F000963DA /* RBFooterControl.m */; };
		4D7AC3F01C09A196000963DA /* RBBaiduSearchView.m in Sources */ = {isa = PBXBuildFile; fileRef = 4D7AC3EF1C09A196000963DA /* RBBaiduSearchView.m */; };
		4D7AC3F41C09A518000963DA /* RBWebViewController.m in Sources */ = {isa = PBXBuildFile; fileRef = 4D7AC3F31C09A518000963DA /* RBWebViewController.m */; };
		4D9898C31C10294A00BCBEF4 /* Website.plist in Resources */ = {isa = PBXBuildFile; fileRef = 4D9898C21C10294A00BCBEF4 /* Website.plist */; };
		4D9898C61C102ED800BCBEF4 /* RBWebHandlerController.m in Sources */ = {isa = PBXBuildFile; fileRef = 4D9898C51C102ED800BCBEF4 /* RBWebHandlerController.m */; };
		4D9898CA1C1031EE00BCBEF4 /* iCarousel.m in Sources */ = {isa = PBXBuildFile; fileRef = 4D9898C91C1031EE00BCBEF4 /* iCarousel.m */; };
		4D9898D01C103BFA00BCBEF4 /* UIImage+viewToImage.m in Sources */ = {isa = PBXBuildFile; fileRef = 4D9898CF1C103BFA00BCBEF4 /* UIImage+viewToImage.m */; };
		4DE57CD41C085405004CB064 /* RBCommonlyUsedController.m in Sources */ = {isa = PBXBuildFile; fileRef = 4DE57CCB1C085405004CB064 /* RBCommonlyUsedController.m */; };
		4DE57CD51C085405004CB064 /* RBWebAddressController.m in Sources */ = {isa = PBXBuildFile; fileRef = 4DE57CCD1C085405004CB064 /* RBWebAddressController.m */; };
		4DE57CD61C085405004CB064 /* RBHomePageController.m in Sources */ = {isa = PBXBuildFile; fileRef = 4DE57CD01C085405004CB064 /* RBHomePageController.m */; };
		4DE57CD71C085405004CB064 /* RBSearchHeaderView.m in Sources */ = {isa = PBXBuildFile; fileRef = 4DE57CD31C085405004CB064 /* RBSearchHeaderView.m */; };
		4DE57CE81C085416004CB064 /* UINavigationBar+Awesome.m in Sources */ = {isa = PBXBuildFile; fileRef = 4DE57CE71C085416004CB064 /* UINavigationBar+Awesome.m */; };
		4DE57CEC1C08580C004CB064 /* UIViewAdditions.m in Sources */ = {isa = PBXBuildFile; fileRef = 4DE57CEB1C08580C004CB064 /* UIViewAdditions.m */; };
		4DE57CF21C08AAB8004CB064 /* RBNavigationController.m in Sources */ = {isa = PBXBuildFile; fileRef = 4DE57CF11C08AAB8004CB064 /* RBNavigationController.m */; };
/* End PBXBuildFile section */

/* Begin PBXContainerItemProxy section */
		4D1B0B281BF4EC3D00D7DE17 /* PBXContainerItemProxy */ = {
			isa = PBXContainerItemProxy;
			containerPortal = 4D1B0B061BF4EC3D00D7DE17 /* Project object */;
			proxyType = 1;
			remoteGlobalIDString = 4D1B0B0D1BF4EC3D00D7DE17;
			remoteInfo = "Retriever Browser";
		};
		4D1B0B331BF4EC3D00D7DE17 /* PBXContainerItemProxy */ = {
			isa = PBXContainerItemProxy;
			containerPortal = 4D1B0B061BF4EC3D00D7DE17 /* Project object */;
			proxyType = 1;
			remoteGlobalIDString = 4D1B0B0D1BF4EC3D00D7DE17;
			remoteInfo = "Retriever Browser";
		};
/* End PBXContainerItemProxy section */

/* Begin PBXFileReference section */
		4D1B0B0E1BF4EC3D00D7DE17 /* Retriever Browser.app */ = {isa = PBXFileReference; explicitFileType = wrapper.application; includeInIndex = 0; path = "Retriever Browser.app"; sourceTree = BUILT_PRODUCTS_DIR; };
		4D1B0B121BF4EC3D00D7DE17 /* main.m */ = {isa = PBXFileReference; lastKnownFileType = sourcecode.c.objc; path = main.m; sourceTree = "<group>"; };
		4D1B0B141BF4EC3D00D7DE17 /* AppDelegate.h */ = {isa = PBXFileReference; lastKnownFileType = sourcecode.c.h; path = AppDelegate.h; sourceTree = "<group>"; };
		4D1B0B151BF4EC3D00D7DE17 /* AppDelegate.m */ = {isa = PBXFileReference; lastKnownFileType = sourcecode.c.objc; path = AppDelegate.m; sourceTree = "<group>"; };
		4D1B0B1B1BF4EC3D00D7DE17 /* Base */ = {isa = PBXFileReference; lastKnownFileType = file.storyboard; name = Base; path = Base.lproj/Main.storyboard; sourceTree = "<group>"; };
		4D1B0B1D1BF4EC3D00D7DE17 /* Assets.xcassets */ = {isa = PBXFileReference; lastKnownFileType = folder.assetcatalog; path = Assets.xcassets; sourceTree = "<group>"; };
		4D1B0B201BF4EC3D00D7DE17 /* Base */ = {isa = PBXFileReference; lastKnownFileType = file.storyboard; name = Base; path = Base.lproj/LaunchScreen.storyboard; sourceTree = "<group>"; };
		4D1B0B221BF4EC3D00D7DE17 /* Info.plist */ = {isa = PBXFileReference; lastKnownFileType = text.plist.xml; path = Info.plist; sourceTree = "<group>"; };
		4D1B0B271BF4EC3D00D7DE17 /* Retriever BrowserTests.xctest */ = {isa = PBXFileReference; explicitFileType = wrapper.cfbundle; includeInIndex = 0; path = "Retriever BrowserTests.xctest"; sourceTree = BUILT_PRODUCTS_DIR; };
		4D1B0B2B1BF4EC3D00D7DE17 /* Retriever_BrowserTests.m */ = {isa = PBXFileReference; lastKnownFileType = sourcecode.c.objc; path = Retriever_BrowserTests.m; sourceTree = "<group>"; };
		4D1B0B2D1BF4EC3D00D7DE17 /* Info.plist */ = {isa = PBXFileReference; lastKnownFileType = text.plist.xml; path = Info.plist; sourceTree = "<group>"; };
		4D1B0B321BF4EC3D00D7DE17 /* Retriever BrowserUITests.xctest */ = {isa = PBXFileReference; explicitFileType = wrapper.cfbundle; includeInIndex = 0; path = "Retriever BrowserUITests.xctest"; sourceTree = BUILT_PRODUCTS_DIR; };
		4D1B0B361BF4EC3D00D7DE17 /* Retriever_BrowserUITests.m */ = {isa = PBXFileReference; lastKnownFileType = sourcecode.c.objc; path = Retriever_BrowserUITests.m; sourceTree = "<group>"; };
		4D1B0B381BF4EC3D00D7DE17 /* Info.plist */ = {isa = PBXFileReference; lastKnownFileType = text.plist.xml; path = Info.plist; sourceTree = "<group>"; };
		4D25D8061C0CA31000D7C584 /* RBScannerController.h */ = {isa = PBXFileReference; fileEncoding = 4; lastKnownFileType = sourcecode.c.h; name = RBScannerController.h; path = ScannerController/RBScannerController.h; sourceTree = "<group>"; };
		4D25D8071C0CA31000D7C584 /* RBScannerController.m */ = {isa = PBXFileReference; fileEncoding = 4; lastKnownFileType = sourcecode.c.objc; name = RBScannerController.m; path = ScannerController/RBScannerController.m; sourceTree = "<group>"; };
		4D7AC3D91C09928F000963DA /* RBFooterControl.h */ = {isa = PBXFileReference; fileEncoding = 4; lastKnownFileType = sourcecode.c.h; path = RBFooterControl.h; sourceTree = "<group>"; };
		4D7AC3DA1C09928F000963DA /* RBFooterControl.m */ = {isa = PBXFileReference; fileEncoding = 4; lastKnownFileType = sourcecode.c.objc; path = RBFooterControl.m; sourceTree = "<group>"; };
		4D7AC3EE1C09A196000963DA /* RBBaiduSearchView.h */ = {isa = PBXFileReference; fileEncoding = 4; lastKnownFileType = sourcecode.c.h; path = RBBaiduSearchView.h; sourceTree = "<group>"; };
		4D7AC3EF1C09A196000963DA /* RBBaiduSearchView.m */ = {isa = PBXFileReference; fileEncoding = 4; lastKnownFileType = sourcecode.c.objc; path = RBBaiduSearchView.m; sourceTree = "<group>"; };
		4D7AC3F21C09A518000963DA /* RBWebViewController.h */ = {isa = PBXFileReference; fileEncoding = 4; lastKnownFileType = sourcecode.c.h; name = RBWebViewController.h; path = WebViewController/RBWebViewController.h; sourceTree = "<group>"; };
		4D7AC3F31C09A518000963DA /* RBWebViewController.m */ = {isa = PBXFileReference; fileEncoding = 4; lastKnownFileType = sourcecode.c.objc; name = RBWebViewController.m; path = WebViewController/RBWebViewController.m; sourceTree = "<group>"; };
		4D9898C21C10294A00BCBEF4 /* Website.plist */ = {isa = PBXFileReference; fileEncoding = 4; lastKnownFileType = text.plist.xml; path = Website.plist; sourceTree = "<group>"; };
		4D9898C41C102ED800BCBEF4 /* RBWebHandlerController.h */ = {isa = PBXFileReference; fileEncoding = 4; lastKnownFileType = sourcecode.c.h; path = RBWebHandlerController.h; sourceTree = "<group>"; };
		4D9898C51C102ED800BCBEF4 /* RBWebHandlerController.m */ = {isa = PBXFileReference; fileEncoding = 4; lastKnownFileType = sourcecode.c.objc; path = RBWebHandlerController.m; sourceTree = "<group>"; };
		4D9898C81C1031EE00BCBEF4 /* iCarousel.h */ = {isa = PBXFileReference; fileEncoding = 4; lastKnownFileType = sourcecode.c.h; path = iCarousel.h; sourceTree = "<group>"; };
		4D9898C91C1031EE00BCBEF4 /* iCarousel.m */ = {isa = PBXFileReference; fileEncoding = 4; lastKnownFileType = sourcecode.c.objc; path = iCarousel.m; sourceTree = "<group>"; };
		4D9898CE1C103BFA00BCBEF4 /* UIImage+viewToImage.h */ = {isa = PBXFileReference; fileEncoding = 4; lastKnownFileType = sourcecode.c.h; path = "UIImage+viewToImage.h"; sourceTree = "<group>"; };
		4D9898CF1C103BFA00BCBEF4 /* UIImage+viewToImage.m */ = {isa = PBXFileReference; fileEncoding = 4; lastKnownFileType = sourcecode.c.objc; path = "UIImage+viewToImage.m"; sourceTree = "<group>"; };
		4DE57CA11C083F7E004CB064 /* Retriever-PrefixHeader.pch */ = {isa = PBXFileReference; lastKnownFileType = sourcecode.c.h; path = "Retriever-PrefixHeader.pch"; sourceTree = "<group>"; };
		4DE57CCA1C085405004CB064 /* RBCommonlyUsedController.h */ = {isa = PBXFileReference; fileEncoding = 4; lastKnownFileType = sourcecode.c.h; path = RBCommonlyUsedController.h; sourceTree = "<group>"; };
		4DE57CCB1C085405004CB064 /* RBCommonlyUsedController.m */ = {isa = PBXFileReference; fileEncoding = 4; lastKnownFileType = sourcecode.c.objc; path = RBCommonlyUsedController.m; sourceTree = "<group>"; };
		4DE57CCC1C085405004CB064 /* RBWebAddressController.h */ = {isa = PBXFileReference; fileEncoding = 4; lastKnownFileType = sourcecode.c.h; path = RBWebAddressController.h; sourceTree = "<group>"; };
		4DE57CCD1C085405004CB064 /* RBWebAddressController.m */ = {isa = PBXFileReference; fileEncoding = 4; lastKnownFileType = sourcecode.c.objc; path = RBWebAddressController.m; sourceTree = "<group>"; };
		4DE57CCF1C085405004CB064 /* RBHomePageController.h */ = {isa = PBXFileReference; fileEncoding = 4; lastKnownFileType = sourcecode.c.h; path = RBHomePageController.h; sourceTree = "<group>"; };
		4DE57CD01C085405004CB064 /* RBHomePageController.m */ = {isa = PBXFileReference; fileEncoding = 4; lastKnownFileType = sourcecode.c.objc; path = RBHomePageController.m; sourceTree = "<group>"; };
		4DE57CD21C085405004CB064 /* RBSearchHeaderView.h */ = {isa = PBXFileReference; fileEncoding = 4; lastKnownFileType = sourcecode.c.h; path = RBSearchHeaderView.h; sourceTree = "<group>"; };
		4DE57CD31C085405004CB064 /* RBSearchHeaderView.m */ = {isa = PBXFileReference; fileEncoding = 4; lastKnownFileType = sourcecode.c.objc; path = RBSearchHeaderView.m; sourceTree = "<group>"; };
		4DE57CE61C085416004CB064 /* UINavigationBar+Awesome.h */ = {isa = PBXFileReference; fileEncoding = 4; lastKnownFileType = sourcecode.c.h; path = "UINavigationBar+Awesome.h"; sourceTree = "<group>"; };
		4DE57CE71C085416004CB064 /* UINavigationBar+Awesome.m */ = {isa = PBXFileReference; fileEncoding = 4; lastKnownFileType = sourcecode.c.objc; path = "UINavigationBar+Awesome.m"; sourceTree = "<group>"; };
		4DE57CEA1C08580C004CB064 /* UIViewAdditions.h */ = {isa = PBXFileReference; fileEncoding = 4; lastKnownFileType = sourcecode.c.h; path = UIViewAdditions.h; sourceTree = "<group>"; };
		4DE57CEB1C08580C004CB064 /* UIViewAdditions.m */ = {isa = PBXFileReference; fileEncoding = 4; lastKnownFileType = sourcecode.c.objc; path = UIViewAdditions.m; sourceTree = "<group>"; };
		4DE57CF01C08AAB8004CB064 /* RBNavigationController.h */ = {isa = PBXFileReference; fileEncoding = 4; lastKnownFileType = sourcecode.c.h; name = RBNavigationController.h; path = Controller/RBNavigationController.h; sourceTree = "<group>"; };
		4DE57CF11C08AAB8004CB064 /* RBNavigationController.m */ = {isa = PBXFileReference; fileEncoding = 4; lastKnownFileType = sourcecode.c.objc; name = RBNavigationController.m; path = Controller/RBNavigationController.m; sourceTree = "<group>"; };
		588ECB51FEDBA91F39FE5C9A /* Pods.debug.xcconfig */ = {isa = PBXFileReference; includeInIndex = 1; lastKnownFileType = text.xcconfig; name = Pods.debug.xcconfig; path = "Pods/Target Support Files/Pods/Pods.debug.xcconfig"; sourceTree = "<group>"; };
		63387C8A054D91B730B4B144 /* Pods.release.xcconfig */ = {isa = PBXFileReference; includeInIndex = 1; lastKnownFileType = text.xcconfig; name = Pods.release.xcconfig; path = "Pods/Target Support Files/Pods/Pods.release.xcconfig"; sourceTree = "<group>"; };
		E9E4B029C08366BBF9B08E0A /* libPods.a */ = {isa = PBXFileReference; explicitFileType = archive.ar; includeInIndex = 0; path = libPods.a; sourceTree = BUILT_PRODUCTS_DIR; };
/* End PBXFileReference section */

/* Begin PBXFrameworksBuildPhase section */
		4D1B0B0B1BF4EC3D00D7DE17 /* Frameworks */ = {
			isa = PBXFrameworksBuildPhase;
			buildActionMask = 2147483647;
			files = (
				0FC2E511D5D148AF992D054A /* libPods.a in Frameworks */,
			);
			runOnlyForDeploymentPostprocessing = 0;
		};
		4D1B0B241BF4EC3D00D7DE17 /* Frameworks */ = {
			isa = PBXFrameworksBuildPhase;
			buildActionMask = 2147483647;
			files = (
			);
			runOnlyForDeploymentPostprocessing = 0;
		};
		4D1B0B2F1BF4EC3D00D7DE17 /* Frameworks */ = {
			isa = PBXFrameworksBuildPhase;
			buildActionMask = 2147483647;
			files = (
			);
			runOnlyForDeploymentPostprocessing = 0;
		};
/* End PBXFrameworksBuildPhase section */

/* Begin PBXGroup section */
		4097857A72EA66E7628FA005 /* Pods */ = {
			isa = PBXGroup;
			children = (
				588ECB51FEDBA91F39FE5C9A /* Pods.debug.xcconfig */,
				63387C8A054D91B730B4B144 /* Pods.release.xcconfig */,
			);
			name = Pods;
			sourceTree = "<group>";
		};
		4D1B0B051BF4EC3D00D7DE17 = {
			isa = PBXGroup;
			children = (
				4D1B0B101BF4EC3D00D7DE17 /* Retriever Browser */,
				4D1B0B2A1BF4EC3D00D7DE17 /* Retriever BrowserTests */,
				4D1B0B351BF4EC3D00D7DE17 /* Retriever BrowserUITests */,
				4D1B0B0F1BF4EC3D00D7DE17 /* Products */,
				4097857A72EA66E7628FA005 /* Pods */,
				C24699A3C70C0AC7B47DCC15 /* Frameworks */,
			);
			sourceTree = "<group>";
		};
		4D1B0B0F1BF4EC3D00D7DE17 /* Products */ = {
			isa = PBXGroup;
			children = (
				4D1B0B0E1BF4EC3D00D7DE17 /* Retriever Browser.app */,
				4D1B0B271BF4EC3D00D7DE17 /* Retriever BrowserTests.xctest */,
				4D1B0B321BF4EC3D00D7DE17 /* Retriever BrowserUITests.xctest */,
			);
			name = Products;
			sourceTree = "<group>";
		};
		4D1B0B101BF4EC3D00D7DE17 /* Retriever Browser */ = {
			isa = PBXGroup;
			children = (
				4D9898C71C1031EE00BCBEF4 /* iCarousel */,
				4D25D8051C0CA2E700D7C584 /* ScannerController */,
				4D7AC3F11C09A4F5000963DA /* WebViewController */,
				4DE57CE41C085416004CB064 /* Additions */,
				4DE57CD81C08540B004CB064 /* Utils */,
				4DE57CC71C085405004CB064 /* Home */,
				4D1B0B111BF4EC3D00D7DE17 /* Supporting Files */,
			);
			path = "Retriever Browser";
			sourceTree = "<group>";
		};
		4D1B0B111BF4EC3D00D7DE17 /* Supporting Files */ = {
			isa = PBXGroup;
			children = (
				4DE57CE91C08546B004CB064 /* Others */,
				4DE57CA11C083F7E004CB064 /* Retriever-PrefixHeader.pch */,
				4D1B0B141BF4EC3D00D7DE17 /* AppDelegate.h */,
				4D1B0B151BF4EC3D00D7DE17 /* AppDelegate.m */,
				4D1B0B1D1BF4EC3D00D7DE17 /* Assets.xcassets */,
			);
			name = "Supporting Files";
			sourceTree = "<group>";
		};
		4D1B0B2A1BF4EC3D00D7DE17 /* Retriever BrowserTests */ = {
			isa = PBXGroup;
			children = (
				4D1B0B2B1BF4EC3D00D7DE17 /* Retriever_BrowserTests.m */,
				4D1B0B2D1BF4EC3D00D7DE17 /* Info.plist */,
			);
			path = "Retriever BrowserTests";
			sourceTree = "<group>";
		};
		4D1B0B351BF4EC3D00D7DE17 /* Retriever BrowserUITests */ = {
			isa = PBXGroup;
			children = (
				4D1B0B361BF4EC3D00D7DE17 /* Retriever_BrowserUITests.m */,
				4D1B0B381BF4EC3D00D7DE17 /* Info.plist */,
			);
			path = "Retriever BrowserUITests";
			sourceTree = "<group>";
		};
		4D25D8051C0CA2E700D7C584 /* ScannerController */ = {
			isa = PBXGroup;
			children = (
				4D25D8061C0CA31000D7C584 /* RBScannerController.h */,
				4D25D8071C0CA31000D7C584 /* RBScannerController.m */,
			);
			name = ScannerController;
			sourceTree = "<group>";
		};
		4D7AC3F11C09A4F5000963DA /* WebViewController */ = {
			isa = PBXGroup;
			children = (
				4D9898C41C102ED800BCBEF4 /* RBWebHandlerController.h */,
				4D9898C51C102ED800BCBEF4 /* RBWebHandlerController.m */,
				4D7AC3F21C09A518000963DA /* RBWebViewController.h */,
				4D7AC3F31C09A518000963DA /* RBWebViewController.m */,
			);
			name = WebViewController;
			sourceTree = "<group>";
		};
		4D9898C71C1031EE00BCBEF4 /* iCarousel */ = {
			isa = PBXGroup;
			children = (
				4D9898C81C1031EE00BCBEF4 /* iCarousel.h */,
				4D9898C91C1031EE00BCBEF4 /* iCarousel.m */,
			);
			path = iCarousel;
			sourceTree = "<group>";
		};
		4DE57CC71C085405004CB064 /* Home */ = {
			isa = PBXGroup;
			children = (
				4DE57CF01C08AAB8004CB064 /* RBNavigationController.h */,
				4DE57CF11C08AAB8004CB064 /* RBNavigationController.m */,
				4DE57CC81C085405004CB064 /* Controller */,
				4DE57CD11C085405004CB064 /* View */,
			);
			path = Home;
			sourceTree = "<group>";
		};
		4DE57CC81C085405004CB064 /* Controller */ = {
			isa = PBXGroup;
			children = (
				4DE57CC91C085405004CB064 /* ChildViewController */,
				4DE57CCE1C085405004CB064 /* ParentViewController */,
			);
			path = Controller;
			sourceTree = "<group>";
		};
		4DE57CC91C085405004CB064 /* ChildViewController */ = {
			isa = PBXGroup;
			children = (
				4DE57CCA1C085405004CB064 /* RBCommonlyUsedController.h */,
				4DE57CCB1C085405004CB064 /* RBCommonlyUsedController.m */,
				4DE57CCC1C085405004CB064 /* RBWebAddressController.h */,
				4DE57CCD1C085405004CB064 /* RBWebAddressController.m */,
			);
			path = ChildViewController;
			sourceTree = "<group>";
		};
		4DE57CCE1C085405004CB064 /* ParentViewController */ = {
			isa = PBXGroup;
			children = (
				4DE57CCF1C085405004CB064 /* RBHomePageController.h */,
				4DE57CD01C085405004CB064 /* RBHomePageController.m */,
			);
			path = ParentViewController;
			sourceTree = "<group>";
		};
		4DE57CD11C085405004CB064 /* View */ = {
			isa = PBXGroup;
			children = (
				4DE57CD21C085405004CB064 /* RBSearchHeaderView.h */,
				4DE57CD31C085405004CB064 /* RBSearchHeaderView.m */,
				4D7AC3D91C09928F000963DA /* RBFooterControl.h */,
				4D7AC3DA1C09928F000963DA /* RBFooterControl.m */,
				4D7AC3EE1C09A196000963DA /* RBBaiduSearchView.h */,
				4D7AC3EF1C09A196000963DA /* RBBaiduSearchView.m */,
			);
			path = View;
			sourceTree = "<group>";
		};
		4DE57CD81C08540B004CB064 /* Utils */ = {
			isa = PBXGroup;
			children = (
			);
			path = Utils;
			sourceTree = "<group>";
		};
		4DE57CE41C085416004CB064 /* Additions */ = {
			isa = PBXGroup;
			children = (
				4DE57CEA1C08580C004CB064 /* UIViewAdditions.h */,
				4DE57CEB1C08580C004CB064 /* UIViewAdditions.m */,
				4DE57CE51C085416004CB064 /* UINavigation+Awesome */,
				4D9898CE1C103BFA00BCBEF4 /* UIImage+viewToImage.h */,
				4D9898CF1C103BFA00BCBEF4 /* UIImage+viewToImage.m */,
			);
			path = Additions;
			sourceTree = "<group>";
		};
		4DE57CE51C085416004CB064 /* UINavigation+Awesome */ = {
			isa = PBXGroup;
			children = (
				4DE57CE61C085416004CB064 /* UINavigationBar+Awesome.h */,
				4DE57CE71C085416004CB064 /* UINavigationBar+Awesome.m */,
			);
			path = "UINavigation+Awesome";
			sourceTree = "<group>";
		};
		4DE57CE91C08546B004CB064 /* Others */ = {
			isa = PBXGroup;
			children = (
				4D1B0B1A1BF4EC3D00D7DE17 /* Main.storyboard */,
				4D1B0B1F1BF4EC3D00D7DE17 /* LaunchScreen.storyboard */,
				4D1B0B221BF4EC3D00D7DE17 /* Info.plist */,
				4D1B0B121BF4EC3D00D7DE17 /* main.m */,
				4D9898C21C10294A00BCBEF4 /* Website.plist */,
			);
			name = Others;
			sourceTree = "<group>";
		};
		C24699A3C70C0AC7B47DCC15 /* Frameworks */ = {
			isa = PBXGroup;
			children = (
				E9E4B029C08366BBF9B08E0A /* libPods.a */,
			);
			name = Frameworks;
			sourceTree = "<group>";
		};
/* End PBXGroup section */

/* Begin PBXNativeTarget section */
		4D1B0B0D1BF4EC3D00D7DE17 /* Retriever Browser */ = {
			isa = PBXNativeTarget;
			buildConfigurationList = 4D1B0B3B1BF4EC3D00D7DE17 /* Build configuration list for PBXNativeTarget "Retriever Browser" */;
			buildPhases = (
				E88277DEA5F6AD53F08DA5ED /* Check Pods Manifest.lock */,
				4D1B0B0A1BF4EC3D00D7DE17 /* Sources */,
				4D1B0B0B1BF4EC3D00D7DE17 /* Frameworks */,
				4D1B0B0C1BF4EC3D00D7DE17 /* Resources */,
				0E22074F19C907A5CCE5645D /* Embed Pods Frameworks */,
				92D303DE2A5438B82ADFFA69 /* Copy Pods Resources */,
			);
			buildRules = (
			);
			dependencies = (
			);
			name = "Retriever Browser";
			productName = "Retriever Browser";
			productReference = 4D1B0B0E1BF4EC3D00D7DE17 /* Retriever Browser.app */;
			productType = "com.apple.product-type.application";
		};
		4D1B0B261BF4EC3D00D7DE17 /* Retriever BrowserTests */ = {
			isa = PBXNativeTarget;
			buildConfigurationList = 4D1B0B3E1BF4EC3D00D7DE17 /* Build configuration list for PBXNativeTarget "Retriever BrowserTests" */;
			buildPhases = (
				4D1B0B231BF4EC3D00D7DE17 /* Sources */,
				4D1B0B241BF4EC3D00D7DE17 /* Frameworks */,
				4D1B0B251BF4EC3D00D7DE17 /* Resources */,
			);
			buildRules = (
			);
			dependencies = (
				4D1B0B291BF4EC3D00D7DE17 /* PBXTargetDependency */,
			);
			name = "Retriever BrowserTests";
			productName = "Retriever BrowserTests";
			productReference = 4D1B0B271BF4EC3D00D7DE17 /* Retriever BrowserTests.xctest */;
			productType = "com.apple.product-type.bundle.unit-test";
		};
		4D1B0B311BF4EC3D00D7DE17 /* Retriever BrowserUITests */ = {
			isa = PBXNativeTarget;
			buildConfigurationList = 4D1B0B411BF4EC3D00D7DE17 /* Build configuration list for PBXNativeTarget "Retriever BrowserUITests" */;
			buildPhases = (
				4D1B0B2E1BF4EC3D00D7DE17 /* Sources */,
				4D1B0B2F1BF4EC3D00D7DE17 /* Frameworks */,
				4D1B0B301BF4EC3D00D7DE17 /* Resources */,
			);
			buildRules = (
			);
			dependencies = (
				4D1B0B341BF4EC3D00D7DE17 /* PBXTargetDependency */,
			);
			name = "Retriever BrowserUITests";
			productName = "Retriever BrowserUITests";
			productReference = 4D1B0B321BF4EC3D00D7DE17 /* Retriever BrowserUITests.xctest */;
			productType = "com.apple.product-type.bundle.ui-testing";
		};
/* End PBXNativeTarget section */

/* Begin PBXProject section */
		4D1B0B061BF4EC3D00D7DE17 /* Project object */ = {
			isa = PBXProject;
			attributes = {
				LastUpgradeCheck = 0710;
				ORGANIZATIONNAME = "Wecan Studio";
				TargetAttributes = {
					4D1B0B0D1BF4EC3D00D7DE17 = {
						CreatedOnToolsVersion = 7.1.1;
					};
					4D1B0B261BF4EC3D00D7DE17 = {
						CreatedOnToolsVersion = 7.1.1;
						TestTargetID = 4D1B0B0D1BF4EC3D00D7DE17;
					};
					4D1B0B311BF4EC3D00D7DE17 = {
						CreatedOnToolsVersion = 7.1.1;
						TestTargetID = 4D1B0B0D1BF4EC3D00D7DE17;
					};
				};
			};
			buildConfigurationList = 4D1B0B091BF4EC3D00D7DE17 /* Build configuration list for PBXProject "Retriever Browser" */;
			compatibilityVersion = "Xcode 3.2";
			developmentRegion = English;
			hasScannedForEncodings = 0;
			knownRegions = (
				en,
				Base,
			);
			mainGroup = 4D1B0B051BF4EC3D00D7DE17;
			productRefGroup = 4D1B0B0F1BF4EC3D00D7DE17 /* Products */;
			projectDirPath = "";
			projectRoot = "";
			targets = (
				4D1B0B0D1BF4EC3D00D7DE17 /* Retriever Browser */,
				4D1B0B261BF4EC3D00D7DE17 /* Retriever BrowserTests */,
				4D1B0B311BF4EC3D00D7DE17 /* Retriever BrowserUITests */,
			);
		};
/* End PBXProject section */

/* Begin PBXResourcesBuildPhase section */
		4D1B0B0C1BF4EC3D00D7DE17 /* Resources */ = {
			isa = PBXResourcesBuildPhase;
			buildActionMask = 2147483647;
			files = (
				4D1B0B211BF4EC3D00D7DE17 /* LaunchScreen.storyboard in Resources */,
				4D1B0B1E1BF4EC3D00D7DE17 /* Assets.xcassets in Resources */,
				4D9898C31C10294A00BCBEF4 /* Website.plist in Resources */,
				4D1B0B1C1BF4EC3D00D7DE17 /* Main.storyboard in Resources */,
			);
			runOnlyForDeploymentPostprocessing = 0;
		};
		4D1B0B251BF4EC3D00D7DE17 /* Resources */ = {
			isa = PBXResourcesBuildPhase;
			buildActionMask = 2147483647;
			files = (
			);
			runOnlyForDeploymentPostprocessing = 0;
		};
		4D1B0B301BF4EC3D00D7DE17 /* Resources */ = {
			isa = PBXResourcesBuildPhase;
			buildActionMask = 2147483647;
			files = (
			);
			runOnlyForDeploymentPostprocessing = 0;
		};
/* End PBXResourcesBuildPhase section */

/* Begin PBXShellScriptBuildPhase section */
		0E22074F19C907A5CCE5645D /* Embed Pods Frameworks */ = {
			isa = PBXShellScriptBuildPhase;
			buildActionMask = 2147483647;
			files = (
			);
			inputPaths = (
			);
			name = "Embed Pods Frameworks";
			outputPaths = (
			);
			runOnlyForDeploymentPostprocessing = 0;
			shellPath = /bin/sh;
			shellScript = "\"${SRCROOT}/Pods/Target Support Files/Pods/Pods-frameworks.sh\"\n";
			showEnvVarsInLog = 0;
		};
		92D303DE2A5438B82ADFFA69 /* Copy Pods Resources */ = {
			isa = PBXShellScriptBuildPhase;
			buildActionMask = 2147483647;
			files = (
			);
			inputPaths = (
			);
			name = "Copy Pods Resources";
			outputPaths = (
			);
			runOnlyForDeploymentPostprocessing = 0;
			shellPath = /bin/sh;
			shellScript = "\"${SRCROOT}/Pods/Target Support Files/Pods/Pods-resources.sh\"\n";
			showEnvVarsInLog = 0;
		};
		E88277DEA5F6AD53F08DA5ED /* Check Pods Manifest.lock */ = {
			isa = PBXShellScriptBuildPhase;
			buildActionMask = 2147483647;
			files = (
			);
			inputPaths = (
			);
			name = "Check Pods Manifest.lock";
			outputPaths = (
			);
			runOnlyForDeploymentPostprocessing = 0;
			shellPath = /bin/sh;
			shellScript = "diff \"${PODS_ROOT}/../Podfile.lock\" \"${PODS_ROOT}/Manifest.lock\" > /dev/null\nif [[ $? != 0 ]] ; then\n    cat << EOM\nerror: The sandbox is not in sync with the Podfile.lock. Run 'pod install' or update your CocoaPods installation.\nEOM\n    exit 1\nfi\n";
			showEnvVarsInLog = 0;
		};
/* End PBXShellScriptBuildPhase section */

/* Begin PBXSourcesBuildPhase section */
		4D1B0B0A1BF4EC3D00D7DE17 /* Sources */ = {
			isa = PBXSourcesBuildPhase;
			buildActionMask = 2147483647;
			files = (
				4D7AC3DB1C09928F000963DA /* RBFooterControl.m in Sources */,
				4D1B0B161BF4EC3D00D7DE17 /* AppDelegate.m in Sources */,
				4D25D8081C0CA31000D7C584 /* RBScannerController.m in Sources */,
				4D7AC3F41C09A518000963DA /* RBWebViewController.m in Sources */,
				4DE57CD71C085405004CB064 /* RBSearchHeaderView.m in Sources */,
				4D1B0B131BF4EC3D00D7DE17 /* main.m in Sources */,
				4D9898CA1C1031EE00BCBEF4 /* iCarousel.m in Sources */,
				4DE57CEC1C08580C004CB064 /* UIViewAdditions.m in Sources */,
				4DE57CF21C08AAB8004CB064 /* RBNavigationController.m in Sources */,
				4DE57CD41C085405004CB064 /* RBCommonlyUsedController.m in Sources */,
				4D7AC3F01C09A196000963DA /* RBBaiduSearchView.m in Sources */,
				4DE57CD61C085405004CB064 /* RBHomePageController.m in Sources */,
				4DE57CD51C085405004CB064 /* RBWebAddressController.m in Sources */,
				4D9898D01C103BFA00BCBEF4 /* UIImage+viewToImage.m in Sources */,
				4DE57CE81C085416004CB064 /* UINavigationBar+Awesome.m in Sources */,
				4D9898C61C102ED800BCBEF4 /* RBWebHandlerController.m in Sources */,
			);
			runOnlyForDeploymentPostprocessing = 0;
		};
		4D1B0B231BF4EC3D00D7DE17 /* Sources */ = {
			isa = PBXSourcesBuildPhase;
			buildActionMask = 2147483647;
			files = (
				4D1B0B2C1BF4EC3D00D7DE17 /* Retriever_BrowserTests.m in Sources */,
			);
			runOnlyForDeploymentPostprocessing = 0;
		};
		4D1B0B2E1BF4EC3D00D7DE17 /* Sources */ = {
			isa = PBXSourcesBuildPhase;
			buildActionMask = 2147483647;
			files = (
				4D1B0B371BF4EC3D00D7DE17 /* Retriever_BrowserUITests.m in Sources */,
			);
			runOnlyForDeploymentPostprocessing = 0;
		};
/* End PBXSourcesBuildPhase section */

/* Begin PBXTargetDependency section */
		4D1B0B291BF4EC3D00D7DE17 /* PBXTargetDependency */ = {
			isa = PBXTargetDependency;
			target = 4D1B0B0D1BF4EC3D00D7DE17 /* Retriever Browser */;
			targetProxy = 4D1B0B281BF4EC3D00D7DE17 /* PBXContainerItemProxy */;
		};
		4D1B0B341BF4EC3D00D7DE17 /* PBXTargetDependency */ = {
			isa = PBXTargetDependency;
			target = 4D1B0B0D1BF4EC3D00D7DE17 /* Retriever Browser */;
			targetProxy = 4D1B0B331BF4EC3D00D7DE17 /* PBXContainerItemProxy */;
		};
/* End PBXTargetDependency section */

/* Begin PBXVariantGroup section */
		4D1B0B1A1BF4EC3D00D7DE17 /* Main.storyboard */ = {
			isa = PBXVariantGroup;
			children = (
				4D1B0B1B1BF4EC3D00D7DE17 /* Base */,
			);
			name = Main.storyboard;
			sourceTree = "<group>";
		};
		4D1B0B1F1BF4EC3D00D7DE17 /* LaunchScreen.storyboard */ = {
			isa = PBXVariantGroup;
			children = (
				4D1B0B201BF4EC3D00D7DE17 /* Base */,
			);
			name = LaunchScreen.storyboard;
			sourceTree = "<group>";
		};
/* End PBXVariantGroup section */

/* Begin XCBuildConfiguration section */
		4D1B0B391BF4EC3D00D7DE17 /* Debug */ = {
			isa = XCBuildConfiguration;
			buildSettings = {
				ALWAYS_SEARCH_USER_PATHS = NO;
				CLANG_CXX_LANGUAGE_STANDARD = "gnu++0x";
				CLANG_CXX_LIBRARY = "libc++";
				CLANG_ENABLE_MODULES = YES;
				CLANG_ENABLE_OBJC_ARC = YES;
				CLANG_WARN_BOOL_CONVERSION = YES;
				CLANG_WARN_CONSTANT_CONVERSION = YES;
				CLANG_WARN_DIRECT_OBJC_ISA_USAGE = YES_ERROR;
				CLANG_WARN_EMPTY_BODY = YES;
				CLANG_WARN_ENUM_CONVERSION = YES;
				CLANG_WARN_INT_CONVERSION = YES;
				CLANG_WARN_OBJC_ROOT_CLASS = YES_ERROR;
				CLANG_WARN_UNREACHABLE_CODE = YES;
				CLANG_WARN__DUPLICATE_METHOD_MATCH = YES;
				"CODE_SIGN_IDENTITY[sdk=iphoneos*]" = "iPhone Developer";
				COPY_PHASE_STRIP = NO;
				DEBUG_INFORMATION_FORMAT = dwarf;
				ENABLE_STRICT_OBJC_MSGSEND = YES;
				ENABLE_TESTABILITY = YES;
				GCC_C_LANGUAGE_STANDARD = gnu99;
				GCC_DYNAMIC_NO_PIC = NO;
				GCC_NO_COMMON_BLOCKS = YES;
				GCC_OPTIMIZATION_LEVEL = 0;
				GCC_PRECOMPILE_PREFIX_HEADER = YES;
				GCC_PREFIX_HEADER = "$(SRCROOT)/Retriever Browser/Retriever-PrefixHeader.pch";
				GCC_PREPROCESSOR_DEFINITIONS = (
					"DEBUG=1",
					"$(inherited)",
				);
				GCC_WARN_64_TO_32_BIT_CONVERSION = YES;
				GCC_WARN_ABOUT_RETURN_TYPE = YES_ERROR;
				GCC_WARN_UNDECLARED_SELECTOR = YES;
				GCC_WARN_UNINITIALIZED_AUTOS = YES_AGGRESSIVE;
				GCC_WARN_UNUSED_FUNCTION = YES;
				GCC_WARN_UNUSED_VARIABLE = YES;
				IPHONEOS_DEPLOYMENT_TARGET = 9.1;
				MTL_ENABLE_DEBUG_INFO = YES;
				ONLY_ACTIVE_ARCH = YES;
				SDKROOT = iphoneos;
			};
			name = Debug;
		};
		4D1B0B3A1BF4EC3D00D7DE17 /* Release */ = {
			isa = XCBuildConfiguration;
			buildSettings = {
				ALWAYS_SEARCH_USER_PATHS = NO;
				CLANG_CXX_LANGUAGE_STANDARD = "gnu++0x";
				CLANG_CXX_LIBRARY = "libc++";
				CLANG_ENABLE_MODULES = YES;
				CLANG_ENABLE_OBJC_ARC = YES;
				CLANG_WARN_BOOL_CONVERSION = YES;
				CLANG_WARN_CONSTANT_CONVERSION = YES;
				CLANG_WARN_DIRECT_OBJC_ISA_USAGE = YES_ERROR;
				CLANG_WARN_EMPTY_BODY = YES;
				CLANG_WARN_ENUM_CONVERSION = YES;
				CLANG_WARN_INT_CONVERSION = YES;
				CLANG_WARN_OBJC_ROOT_CLASS = YES_ERROR;
				CLANG_WARN_UNREACHABLE_CODE = YES;
				CLANG_WARN__DUPLICATE_METHOD_MATCH = YES;
				"CODE_SIGN_IDENTITY[sdk=iphoneos*]" = "iPhone Developer";
				COPY_PHASE_STRIP = NO;
				DEBUG_INFORMATION_FORMAT = "dwarf-with-dsym";
				ENABLE_NS_ASSERTIONS = NO;
				ENABLE_STRICT_OBJC_MSGSEND = YES;
				GCC_C_LANGUAGE_STANDARD = gnu99;
				GCC_NO_COMMON_BLOCKS = YES;
				GCC_PRECOMPILE_PREFIX_HEADER = YES;
				GCC_PREFIX_HEADER = "$(SRCROOT)/Retriever Browser/Retriever-PrefixHeader.pch";
				GCC_WARN_64_TO_32_BIT_CONVERSION = YES;
				GCC_WARN_ABOUT_RETURN_TYPE = YES_ERROR;
				GCC_WARN_UNDECLARED_SELECTOR = YES;
				GCC_WARN_UNINITIALIZED_AUTOS = YES_AGGRESSIVE;
				GCC_WARN_UNUSED_FUNCTION = YES;
				GCC_WARN_UNUSED_VARIABLE = YES;
				IPHONEOS_DEPLOYMENT_TARGET = 9.1;
				MTL_ENABLE_DEBUG_INFO = NO;
				SDKROOT = iphoneos;
				VALIDATE_PRODUCT = YES;
			};
			name = Release;
		};
		4D1B0B3C1BF4EC3D00D7DE17 /* Debug */ = {
			isa = XCBuildConfiguration;
			baseConfigurationReference = 588ECB51FEDBA91F39FE5C9A /* Pods.debug.xcconfig */;
			buildSettings = {
				ASSETCATALOG_COMPILER_APPICON_NAME = AppIcon;
				INFOPLIST_FILE = "Retriever Browser/Info.plist";
				IPHONEOS_DEPLOYMENT_TARGET = 7.1;
				LD_RUNPATH_SEARCH_PATHS = "$(inherited) @executable_path/Frameworks";
				PRODUCT_BUNDLE_IDENTIFIER = "com.wecan.Retriever-Browser";
				PRODUCT_NAME = "$(TARGET_NAME)";
			};
			name = Debug;
		};
		4D1B0B3D1BF4EC3D00D7DE17 /* Release */ = {
			isa = XCBuildConfiguration;
			baseConfigurationReference = 63387C8A054D91B730B4B144 /* Pods.release.xcconfig */;
			buildSettings = {
				ASSETCATALOG_COMPILER_APPICON_NAME = AppIcon;
				INFOPLIST_FILE = "Retriever Browser/Info.plist";
				IPHONEOS_DEPLOYMENT_TARGET = 7.1;
				LD_RUNPATH_SEARCH_PATHS = "$(inherited) @executable_path/Frameworks";
				PRODUCT_BUNDLE_IDENTIFIER = "com.wecan.Retriever-Browser";
				PRODUCT_NAME = "$(TARGET_NAME)";
			};
			name = Release;
		};
		4D1B0B3F1BF4EC3D00D7DE17 /* Debug */ = {
			isa = XCBuildConfiguration;
			buildSettings = {
				BUNDLE_LOADER = "$(TEST_HOST)";
				INFOPLIST_FILE = "Retriever BrowserTests/Info.plist";
				LD_RUNPATH_SEARCH_PATHS = "$(inherited) @executable_path/Frameworks @loader_path/Frameworks";
				PRODUCT_BUNDLE_IDENTIFIER = "com.wecan.Retriever-BrowserTests";
				PRODUCT_NAME = "$(TARGET_NAME)";
				TEST_HOST = "$(BUILT_PRODUCTS_DIR)/Retriever Browser.app/Retriever Browser";
			};
			name = Debug;
		};
		4D1B0B401BF4EC3D00D7DE17 /* Release */ = {
			isa = XCBuildConfiguration;
			buildSettings = {
				BUNDLE_LOADER = "$(TEST_HOST)";
				INFOPLIST_FILE = "Retriever BrowserTests/Info.plist";
				LD_RUNPATH_SEARCH_PATHS = "$(inherited) @executable_path/Frameworks @loader_path/Frameworks";
				PRODUCT_BUNDLE_IDENTIFIER = "com.wecan.Retriever-BrowserTests";
				PRODUCT_NAME = "$(TARGET_NAME)";
				TEST_HOST = "$(BUILT_PRODUCTS_DIR)/Retriever Browser.app/Retriever Browser";
			};
			name = Release;
		};
		4D1B0B421BF4EC3D00D7DE17 /* Debug */ = {
			isa = XCBuildConfiguration;
			buildSettings = {
				INFOPLIST_FILE = "Retriever BrowserUITests/Info.plist";
				LD_RUNPATH_SEARCH_PATHS = "$(inherited) @executable_path/Frameworks @loader_path/Frameworks";
				PRODUCT_BUNDLE_IDENTIFIER = "com.wecan.Retriever-BrowserUITests";
				PRODUCT_NAME = "$(TARGET_NAME)";
				TEST_TARGET_NAME = "Retriever Browser";
				USES_XCTRUNNER = YES;
			};
			name = Debug;
		};
		4D1B0B431BF4EC3D00D7DE17 /* Release */ = {
			isa = XCBuildConfiguration;
			buildSettings = {
				INFOPLIST_FILE = "Retriever BrowserUITests/Info.plist";
				LD_RUNPATH_SEARCH_PATHS = "$(inherited) @executable_path/Frameworks @loader_path/Frameworks";
				PRODUCT_BUNDLE_IDENTIFIER = "com.wecan.Retriever-BrowserUITests";
				PRODUCT_NAME = "$(TARGET_NAME)";
				TEST_TARGET_NAME = "Retriever Browser";
				USES_XCTRUNNER = YES;
			};
			name = Release;
		};
/* End XCBuildConfiguration section */

/* Begin XCConfigurationList section */
		4D1B0B091BF4EC3D00D7DE17 /* Build configuration list for PBXProject "Retriever Browser" */ = {
			isa = XCConfigurationList;
			buildConfigurations = (
				4D1B0B391BF4EC3D00D7DE17 /* Debug */,
				4D1B0B3A1BF4EC3D00D7DE17 /* Release */,
			);
			defaultConfigurationIsVisible = 0;
			defaultConfigurationName = Release;
		};
		4D1B0B3B1BF4EC3D00D7DE17 /* Build configuration list for PBXNativeTarget "Retriever Browser" */ = {
			isa = XCConfigurationList;
			buildConfigurations = (
				4D1B0B3C1BF4EC3D00D7DE17 /* Debug */,
				4D1B0B3D1BF4EC3D00D7DE17 /* Release */,
			);
			defaultConfigurationIsVisible = 0;
			defaultConfigurationName = Release;
		};
		4D1B0B3E1BF4EC3D00D7DE17 /* Build configuration list for PBXNativeTarget "Retriever BrowserTests" */ = {
			isa = XCConfigurationList;
			buildConfigurations = (
				4D1B0B3F1BF4EC3D00D7DE17 /* Debug */,
				4D1B0B401BF4EC3D00D7DE17 /* Release */,
			);
			defaultConfigurationIsVisible = 0;
			defaultConfigurationName = Release;
		};
		4D1B0B411BF4EC3D00D7DE17 /* Build configuration list for PBXNativeTarget "Retriever BrowserUITests" */ = {
			isa = XCConfigurationList;
			buildConfigurations = (
				4D1B0B421BF4EC3D00D7DE17 /* Debug */,
				4D1B0B431BF4EC3D00D7DE17 /* Release */,
			);
			defaultConfigurationIsVisible = 0;
			defaultConfigurationName = Release;
		};
/* End XCConfigurationList section */
	};
	rootObject = 4D1B0B061BF4EC3D00D7DE17 /* Project object */;
}
